
Microsoft Visual Studio Solution File, Format Version 12.00
# Visual Studio Version 16
VisualStudioVersion = 16.0.30907.101
MinimumVisualStudioVersion = 10.0.40219.1
Project("{FAE04EC0-301F-11D3-BF4B-00C04F79EFBC}") = "Demobuoi2", "Demobuoi2\Demobuoi2.csproj", "{F434B78F-02A7-4553-A2E3-036AC33F0DAF}"
EndProject
Global
	GlobalSection(SolutionConfigurationPlatforms) = preSolution
		Debug|Any CPU = Debug|Any CPU
		Release|Any CPU = Release|Any CPU
	EndGlobalSection
	GlobalSection(ProjectConfigurationPlatforms) = postSolution
		{F434B78F-02A7-4553-A2E3-036AC33F0DAF}.Debug|Any CPU.ActiveCfg = Debug|Any CPU
		{F434B78F-02A7-4553-A2E3-036AC33F0DAF}.Debug|Any CPU.Build.0 = Debug|Any CPU
		{F434B78F-02A7-4553-A2E3-036AC33F0DAF}.Release|Any CPU.ActiveCfg = Release|Any CPU
		{F434B78F-02A7-4553-A2E3-036AC33F0DAF}.Release|Any CPU.Build.0 = Release|Any CPU
	EndGlobalSection
	GlobalSection(SolutionProperties) = preSolution
		HideSolutionNode = FALSE
	EndGlobalSection
	GlobalSection(ExtensibilityGlobals) = postSolution
		SolutionGuid = {B03B7413-E285-48FF-B4F5-087545F206DD}
	EndGlobalSection
EndGlobal
